// !$*UTF8*$!
{
	archiveVersion = 1;
	classes = {
	};
	objectVersion = 50;
	objects = {

/* Begin PBXBuildFile section */
		0D8D6D2A268C796400D43423 /* Assets.xcassets in Resources */ = {isa = PBXBuildFile; fileRef = 0D8D6D29268C796400D43423 /* Assets.xcassets */; };
		0D8FED162683772900915363 /* AppDelegate.swift in Sources */ = {isa = PBXBuildFile; fileRef = 0D8FED152683772900915363 /* AppDelegate.swift */; };
		0D8FED182683772900915363 /* SceneDelegate.swift in Sources */ = {isa = PBXBuildFile; fileRef = 0D8FED172683772900915363 /* SceneDelegate.swift */; };
		0D8FED1A2683772900915363 /* HabitsViewController.swift in Sources */ = {isa = PBXBuildFile; fileRef = 0D8FED192683772900915363 /* HabitsViewController.swift */; };
		0D8FED1D2683772900915363 /* Main.storyboard in Resources */ = {isa = PBXBuildFile; fileRef = 0D8FED1B2683772900915363 /* Main.storyboard */; };
		0D8FED222683773300915363 /* LaunchScreen.storyboard in Resources */ = {isa = PBXBuildFile; fileRef = 0D8FED202683773300915363 /* LaunchScreen.storyboard */; };
		0D8FED392683872A00915363 /* HabitsStore.swift in Sources */ = {isa = PBXBuildFile; fileRef = 0D8FED382683872A00915363 /* HabitsStore.swift */; };
		0D8FED3D2683891200915363 /* HabitViewController.swift in Sources */ = {isa = PBXBuildFile; fileRef = 0D8FED3C2683891200915363 /* HabitViewController.swift */; };
		0D8FED412683892100915363 /* InfoViewController.swift in Sources */ = {isa = PBXBuildFile; fileRef = 0D8FED402683892100915363 /* InfoViewController.swift */; };
/* End PBXBuildFile section */

/* Begin PBXFileReference section */
		0D8D6D29268C796400D43423 /* Assets.xcassets */ = {isa = PBXFileReference; lastKnownFileType = folder.assetcatalog; name = Assets.xcassets; path = "../../../../Downloads/MyHabits-main/MyHabits/Assets.xcassets"; sourceTree = "<group>"; };
		0D8FED122683772900915363 /* MyHabbits.app */ = {isa = PBXFileReference; explicitFileType = wrapper.application; includeInIndex = 0; path = MyHabbits.app; sourceTree = BUILT_PRODUCTS_DIR; };
		0D8FED152683772900915363 /* AppDelegate.swift */ = {isa = PBXFileReference; lastKnownFileType = sourcecode.swift; path = AppDelegate.swift; sourceTree = "<group>"; };
		0D8FED172683772900915363 /* SceneDelegate.swift */ = {isa = PBXFileReference; lastKnownFileType = sourcecode.swift; path = SceneDelegate.swift; sourceTree = "<group>"; };
		0D8FED192683772900915363 /* HabitsViewController.swift */ = {isa = PBXFileReference; lastKnownFileType = sourcecode.swift; path = HabitsViewController.swift; sourceTree = "<group>"; };
		0D8FED1C2683772900915363 /* Base */ = {isa = PBXFileReference; lastKnownFileType = file.storyboard; name = Base; path = Base.lproj/Main.storyboard; sourceTree = "<group>"; };
		0D8FED212683773300915363 /* Base */ = {isa = PBXFileReference; lastKnownFileType = file.storyboard; name = Base; path = Base.lproj/LaunchScreen.storyboard; sourceTree = "<group>"; };
		0D8FED232683773300915363 /* Info.plist */ = {isa = PBXFileReference; lastKnownFileType = text.plist.xml; path = Info.plist; sourceTree = "<group>"; };
		0D8FED382683872A00915363 /* HabitsStore.swift */ = {isa = PBXFileReference; fileEncoding = 4; lastKnownFileType = sourcecode.swift; name = HabitsStore.swift; path = "../../../../Downloads/iosui-diplom-main/HabitsStore.swift"; sourceTree = "<group>"; };
		0D8FED3C2683891200915363 /* HabitViewController.swift */ = {isa = PBXFileReference; lastKnownFileType = sourcecode.swift; path = HabitViewController.swift; sourceTree = "<group>"; };
		0D8FED402683892100915363 /* InfoViewController.swift */ = {isa = PBXFileReference; lastKnownFileType = sourcecode.swift; path = InfoViewController.swift; sourceTree = "<group>"; };
/* End PBXFileReference section */

/* Begin PBXFrameworksBuildPhase section */
		0D8FED0F2683772900915363 /* Frameworks */ = {
			isa = PBXFrameworksBuildPhase;
			buildActionMask = 2147483647;
			files = (
			);
			runOnlyForDeploymentPostprocessing = 0;
		};
/* End PBXFrameworksBuildPhase section */

/* Begin PBXGroup section */
		0D8FED092683772900915363 = {
			isa = PBXGroup;
			children = (
				0D8FED142683772900915363 /* MyHabbits */,
				0D8FED132683772900915363 /* Products */,
			);
			sourceTree = "<group>";
		};
		0D8FED132683772900915363 /* Products */ = {
			isa = PBXGroup;
			children = (
				0D8FED122683772900915363 /* MyHabbits.app */,
			);
			name = Products;
			sourceTree = "<group>";
		};
		0D8FED142683772900915363 /* MyHabbits */ = {
			isa = PBXGroup;
			children = (
				0D8FED152683772900915363 /* AppDelegate.swift */,
				0D8FED172683772900915363 /* SceneDelegate.swift */,
				0D8FED192683772900915363 /* HabitsViewController.swift */,
				0D8FED3C2683891200915363 /* HabitViewController.swift */,
				0D8FED402683892100915363 /* InfoViewController.swift */,
				0D8FED382683872A00915363 /* HabitsStore.swift */,
				0D8FED1B2683772900915363 /* Main.storyboard */,
				0D8FED202683773300915363 /* LaunchScreen.storyboard */,
				0D8D6D29268C796400D43423 /* Assets.xcassets */,
				0D8FED232683773300915363 /* Info.plist */,
			);
			path = MyHabbits;
			sourceTree = "<group>";
		};
/* End PBXGroup section */

/* Begin PBXNativeTarget section */
		0D8FED112683772900915363 /* MyHabbits */ = {
			isa = PBXNativeTarget;
			buildConfigurationList = 0D8FED262683773300915363 /* Build configuration list for PBXNativeTarget "MyHabbits" */;
			buildPhases = (
				0D8FED0E2683772900915363 /* Sources */,
				0D8FED0F2683772900915363 /* Frameworks */,
				0D8FED102683772900915363 /* Resources */,
			);
			buildRules = (
			);
			dependencies = (
			);
			name = MyHabbits;
			productName = MyHabbits;
			productReference = 0D8FED122683772900915363 /* MyHabbits.app */;
			productType = "com.apple.product-type.application";
		};
/* End PBXNativeTarget section */

/* Begin PBXProject section */
		0D8FED0A2683772900915363 /* Project object */ = {
			isa = PBXProject;
			attributes = {
				LastSwiftUpdateCheck = 1240;
				LastUpgradeCheck = 1240;
				TargetAttributes = {
					0D8FED112683772900915363 = {
						CreatedOnToolsVersion = 12.4;
					};
				};
			};
			buildConfigurationList = 0D8FED0D2683772900915363 /* Build configuration list for PBXProject "MyHabbits" */;
			compatibilityVersion = "Xcode 9.3";
			developmentRegion = en;
			hasScannedForEncodings = 0;
			knownRegions = (
				en,
				Base,
			);
			mainGroup = 0D8FED092683772900915363;
			productRefGroup = 0D8FED132683772900915363 /* Products */;
			projectDirPath = "";
			projectRoot = "";
			targets = (
				0D8FED112683772900915363 /* MyHabbits */,
			);
		};
/* End PBXProject section */

/* Begin PBXResourcesBuildPhase section */
		0D8FED102683772900915363 /* Resources */ = {
			isa = PBXResourcesBuildPhase;
			buildActionMask = 2147483647;
			files = (
				0D8FED222683773300915363 /* LaunchScreen.storyboard in Resources */,
				0D8D6D2A268C796400D43423 /* Assets.xcassets in Resources */,
				0D8FED1D2683772900915363 /* Main.storyboard in Resources */,
			);
			runOnlyForDeploymentPostprocessing = 0;
		};
/* End PBXResourcesBuildPhase section */

/* Begin PBXSourcesBuildPhase section */
		0D8FED0E2683772900915363 /* Sources */ = {
			isa = PBXSourcesBuildPhase;
			buildActionMask = 2147483647;
			files = (
				0D8FED392683872A00915363 /* HabitsStore.swift in Sources */,
				0D8FED1A2683772900915363 /* HabitsViewController.swift in Sources */,
				0D8FED162683772900915363 /* AppDelegate.swift in Sources */,
				0D8FED3D2683891200915363 /* HabitViewController.swift in Sources */,
				0D8FED412683892100915363 /* InfoViewController.swift in Sources */,
				0D8FED182683772900915363 /* SceneDelegate.swift in Sources */,
			);
			runOnlyForDeploymentPostprocessing = 0;
		};
/* End PBXSourcesBuildPhase section */

/* Begin PBXVariantGroup section */
		0D8FED1B2683772900915363 /* Main.storyboard */ = {
			isa = PBXVariantGroup;
			children = (
				0D8FED1C2683772900915363 /* Base */,
			);
			name = Main.storyboard;
			sourceTree = "<group>";
		};
		0D8FED202683773300915363 /* LaunchScreen.storyboard */ = {
			isa = PBXVariantGroup;
			children = (
				0D8FED212683773300915363 /* Base */,
			);
			name = LaunchScreen.storyboard;
			sourceTree = "<group>";
		};
/* End PBXVariantGroup section */

/* Begin XCBuildConfiguration section */
		0D8FED242683773300915363 /* Debug */ = {
			isa = XCBuildConfiguration;
			buildSettings = {
				ALWAYS_SEARCH_USER_PATHS = NO;
				CLANG_ANALYZER_NONNULL = YES;
				CLANG_ANALYZER_NUMBER_OBJECT_CONVERSION = YES_AGGRESSIVE;
				CLANG_CXX_LANGUAGE_STANDARD = "gnu++14";
				CLANG_CXX_LIBRARY = "libc++";
				CLANG_ENABLE_MODULES = YES;
				CLANG_ENABLE_OBJC_ARC = YES;
				CLANG_ENABLE_OBJC_WEAK = YES;
				CLANG_WARN_BLOCK_CAPTURE_AUTORELEASING = YES;
				CLANG_WARN_BOOL_CONVERSION = YES;
				CLANG_WARN_COMMA = YES;
				CLANG_WARN_CONSTANT_CONVERSION = YES;
				CLANG_WARN_DEPRECATED_OBJC_IMPLEMENTATIONS = YES;
				CLANG_WARN_DIRECT_OBJC_ISA_USAGE = YES_ERROR;
				CLANG_WARN_DOCUMENTATION_COMMENTS = YES;
				CLANG_WARN_EMPTY_BODY = YES;
				CLANG_WARN_ENUM_CONVERSION = YES;
				CLANG_WARN_INFINITE_RECURSION = YES;
				CLANG_WARN_INT_CONVERSION = YES;
				CLANG_WARN_NON_LITERAL_NULL_CONVERSION = YES;
				CLANG_WARN_OBJC_IMPLICIT_RETAIN_SELF = YES;
				CLANG_WARN_OBJC_LITERAL_CONVERSION = YES;
				CLANG_WARN_OBJC_ROOT_CLASS = YES_ERROR;
				CLANG_WARN_QUOTED_INCLUDE_IN_FRAMEWORK_HEADER = YES;
				CLANG_WARN_RANGE_LOOP_ANALYSIS = YES;
				CLANG_WARN_STRICT_PROTOTYPES = YES;
				CLANG_WARN_SUSPICIOUS_MOVE = YES;
				CLANG_WARN_UNGUARDED_AVAILABILITY = YES_AGGRESSIVE;
				CLANG_WARN_UNREACHABLE_CODE = YES;
				CLANG_WARN__DUPLICATE_METHOD_MATCH = YES;
				COPY_PHASE_STRIP = NO;
				DEBUG_INFORMATION_FORMAT = dwarf;
				ENABLE_STRICT_OBJC_MSGSEND = YES;
				ENABLE_TESTABILITY = YES;
				GCC_C_LANGUAGE_STANDARD = gnu11;
				GCC_DYNAMIC_NO_PIC = NO;
				GCC_NO_COMMON_BLOCKS = YES;
				GCC_OPTIMIZATION_LEVEL = 0;
				GCC_PREPROCESSOR_DEFINITIONS = (
					"DEBUG=1",
					"$(inherited)",
				);
				GCC_WARN_64_TO_32_BIT_CONVERSION = YES;
				GCC_WARN_ABOUT_RETURN_TYPE = YES_ERROR;
				GCC_WARN_UNDECLARED_SELECTOR = YES;
				GCC_WARN_UNINITIALIZED_AUTOS = YES_AGGRESSIVE;
				GCC_WARN_UNUSED_FUNCTION = YES;
				GCC_WARN_UNUSED_VARIABLE = YES;
				IPHONEOS_DEPLOYMENT_TARGET = 14.4;
				MTL_ENABLE_DEBUG_INFO = INCLUDE_SOURCE;
				MTL_FAST_MATH = YES;
				ONLY_ACTIVE_ARCH = YES;
				SDKROOT = iphoneos;
				SWIFT_ACTIVE_COMPILATION_CONDITIONS = DEBUG;
				SWIFT_OPTIMIZATION_LEVEL = "-Onone";
			};
			name = Debug;
		};
		0D8FED252683773300915363 /* Release */ = {
			isa = XCBuildConfiguration;
			buildSettings = {
				ALWAYS_SEARCH_USER_PATHS = NO;
				CLANG_ANALYZER_NONNULL = YES;
				CLANG_ANALYZER_NUMBER_OBJECT_CONVERSION = YES_AGGRESSIVE;
				CLANG_CXX_LANGUAGE_STANDARD = "gnu++14";
				CLANG_CXX_LIBRARY = "libc++";
				CLANG_ENABLE_MODULES = YES;
				CLANG_ENABLE_OBJC_ARC = YES;
				CLANG_ENABLE_OBJC_WEAK = YES;
				CLANG_WARN_BLOCK_CAPTURE_AUTORELEASING = YES;
				CLANG_WARN_BOOL_CONVERSION = YES;
				CLANG_WARN_COMMA = YES;
				CLANG_WARN_CONSTANT_CONVERSION = YES;
				CLANG_WARN_DEPRECATED_OBJC_IMPLEMENTATIONS = YES;
				CLANG_WARN_DIRECT_OBJC_ISA_USAGE = YES_ERROR;
				CLANG_WARN_DOCUMENTATION_COMMENTS = YES;
				CLANG_WARN_EMPTY_BODY = YES;
				CLANG_WARN_ENUM_CONVERSION = YES;
				CLANG_WARN_INFINITE_RECURSION = YES;
				CLANG_WARN_INT_CONVERSION = YES;
				CLANG_WARN_NON_LITERAL_NULL_CONVERSION = YES;
				CLANG_WARN_OBJC_IMPLICIT_RETAIN_SELF = YES;
				CLANG_WARN_OBJC_LITERAL_CONVERSION = YES;
				CLANG_WARN_OBJC_ROOT_CLASS = YES_ERROR;
				CLANG_WARN_QUOTED_INCLUDE_IN_FRAMEWORK_HEADER = YES;
				CLANG_WARN_RANGE_LOOP_ANALYSIS = YES;
				CLANG_WARN_STRICT_PROTOTYPES = YES;
				CLANG_WARN_SUSPICIOUS_MOVE = YES;
				CLANG_WARN_UNGUARDED_AVAILABILITY = YES_AGGRESSIVE;
				CLANG_WARN_UNREACHABLE_CODE = YES;
				CLANG_WARN__DUPLICATE_METHOD_MATCH = YES;
				COPY_PHASE_STRIP = NO;
				DEBUG_INFORMATION_FORMAT = "dwarf-with-dsym";
				ENABLE_NS_ASSERTIONS = NO;
				ENABLE_STRICT_OBJC_MSGSEND = YES;
				GCC_C_LANGUAGE_STANDARD = gnu11;
				GCC_NO_COMMON_BLOCKS = YES;
				GCC_WARN_64_TO_32_BIT_CONVERSION = YES;
				GCC_WARN_ABOUT_RETURN_TYPE = YES_ERROR;
				GCC_WARN_UNDECLARED_SELECTOR = YES;
				GCC_WARN_UNINITIALIZED_AUTOS = YES_AGGRESSIVE;
				GCC_WARN_UNUSED_FUNCTION = YES;
				GCC_WARN_UNUSED_VARIABLE = YES;
				IPHONEOS_DEPLOYMENT_TARGET = 14.4;
				MTL_ENABLE_DEBUG_INFO = NO;
				MTL_FAST_MATH = YES;
				SDKROOT = iphoneos;
				SWIFT_COMPILATION_MODE = wholemodule;
				SWIFT_OPTIMIZATION_LEVEL = "-O";
				VALIDATE_PRODUCT = YES;
			};
			name = Release;
		};
		0D8FED272683773300915363 /* Debug */ = {
			isa = XCBuildConfiguration;
			buildSettings = {
				ASSETCATALOG_COMPILER_APPICON_NAME = AppIcon;
				ASSETCATALOG_COMPILER_GLOBAL_ACCENT_COLOR_NAME = AccentColor;
				CODE_SIGN_STYLE = Automatic;
				INFOPLIST_FILE = MyHabbits/Info.plist;
				LD_RUNPATH_SEARCH_PATHS = (
					"$(inherited)",
					"@executable_path/Frameworks",
				);
				PRODUCT_BUNDLE_IDENTIFIER = "-.MyHabbits";
				PRODUCT_NAME = "$(TARGET_NAME)";
				SWIFT_VERSION = 5.0;
				TARGETED_DEVICE_FAMILY = "1,2";
			};
			name = Debug;
		};
		0D8FED282683773300915363 /* Release */ = {
			isa = XCBuildConfiguration;
			buildSettings = {
				ASSETCATALOG_COMPILER_APPICON_NAME = AppIcon;
				ASSETCATALOG_COMPILER_GLOBAL_ACCENT_COLOR_NAME = AccentColor;
				CODE_SIGN_STYLE = Automatic;
				INFOPLIST_FILE = MyHabbits/Info.plist;
				LD_RUNPATH_SEARCH_PATHS = (
					"$(inherited)",
					"@executable_path/Frameworks",
				);
				PRODUCT_BUNDLE_IDENTIFIER = "-.MyHabbits";
				PRODUCT_NAME = "$(TARGET_NAME)";
				SWIFT_VERSION = 5.0;
				TARGETED_DEVICE_FAMILY = "1,2";
			};
			name = Release;
		};
/* End XCBuildConfiguration section */

/* Begin XCConfigurationList section */
		0D8FED0D2683772900915363 /* Build configuration list for PBXProject "MyHabbits" */ = {
			isa = XCConfigurationList;
			buildConfigurations = (
				0D8FED242683773300915363 /* Debug */,
				0D8FED252683773300915363 /* Release */,
			);
			defaultConfigurationIsVisible = 0;
			defaultConfigurationName = Release;
		};
		0D8FED262683773300915363 /* Build configuration list for PBXNativeTarget "MyHabbits" */ = {
			isa = XCConfigurationList;
			buildConfigurations = (
				0D8FED272683773300915363 /* Debug */,
				0D8FED282683773300915363 /* Release */,
			);
			defaultConfigurationIsVisible = 0;
			defaultConfigurationName = Release;
		};
/* End XCConfigurationList section */
	};
	rootObject = 0D8FED0A2683772900915363 /* Project object */;
}
